
Microsoft Visual Studio Solution File, Format Version 12.00
# Visual Studio Version 17
VisualStudioVersion = 17.11.35327.3
MinimumVisualStudioVersion = 10.0.40219.1
Project("{F2A71F9B-5D33-465A-A702-920D77279786}") = "SalesWebMvc", "SalesWebMvc\SalesWebMvc.fsproj", "{97445C7C-7CBD-4FF7-910F-FF267EA00B63}"
EndProject
Global
	GlobalSection(SolutionConfigurationPlatforms) = preSolution
		Debug|Any CPU = Debug|Any CPU
		Release|Any CPU = Release|Any CPU
	EndGlobalSection
	GlobalSection(ProjectConfigurationPlatforms) = postSolution
		{97445C7C-7CBD-4FF7-910F-FF267EA00B63}.Debug|Any CPU.ActiveCfg = Debug|Any CPU
		{97445C7C-7CBD-4FF7-910F-FF267EA00B63}.Debug|Any CPU.Build.0 = Debug|Any CPU
		{97445C7C-7CBD-4FF7-910F-FF267EA00B63}.Release|Any CPU.ActiveCfg = Release|Any CPU
		{97445C7C-7CBD-4FF7-910F-FF267EA00B63}.Release|Any CPU.Build.0 = Release|Any CPU
	EndGlobalSection
	GlobalSection(SolutionProperties) = preSolution
		HideSolutionNode = FALSE
	EndGlobalSection
	GlobalSection(ExtensibilityGlobals) = postSolution
		SolutionGuid = {534E24FA-A393-45F8-8D5A-878950C260CD}
	EndGlobalSection
EndGlobal
